// !$*UTF8*$!
{
	archiveVersion = 1;
	classes = {
	};
	objectVersion = 50;
	objects = {

/* Begin PBXBuildFile section */
		0D460F44264724360099490F /* AppDelegate.swift in Sources */ = {isa = PBXBuildFile; fileRef = 0D460F43264724360099490F /* AppDelegate.swift */; };
		0D460F46264724360099490F /* SceneDelegate.swift in Sources */ = {isa = PBXBuildFile; fileRef = 0D460F45264724360099490F /* SceneDelegate.swift */; };
		0D460F48264724360099490F /* MainViewController.swift in Sources */ = {isa = PBXBuildFile; fileRef = 0D460F47264724360099490F /* MainViewController.swift */; };
		0D460F4D264724370099490F /* Assets.xcassets in Resources */ = {isa = PBXBuildFile; fileRef = 0D460F4C264724370099490F /* Assets.xcassets */; };
		0D460F50264724370099490F /* LaunchScreen.storyboard in Resources */ = {isa = PBXBuildFile; fileRef = 0D460F4E264724370099490F /* LaunchScreen.storyboard */; };
		0D460F5B264724380099490F /* MatchiOSCodeTests.swift in Sources */ = {isa = PBXBuildFile; fileRef = 0D460F5A264724380099490F /* MatchiOSCodeTests.swift */; };
		0D460F66264724380099490F /* MatchiOSCodeUITests.swift in Sources */ = {isa = PBXBuildFile; fileRef = 0D460F65264724380099490F /* MatchiOSCodeUITests.swift */; };
		0D751107264A30BE004F8AFB /* ImagesMainPage.swift in Sources */ = {isa = PBXBuildFile; fileRef = 0D751106264A30BE004F8AFB /* ImagesMainPage.swift */; };
		0D751110264A371C004F8AFB /* UnitTestHelpers.swift in Sources */ = {isa = PBXBuildFile; fileRef = 0D75110F264A371C004F8AFB /* UnitTestHelpers.swift */; };
		0D75111C264A37C6004F8AFB /* ImageDetailTests.swift in Sources */ = {isa = PBXBuildFile; fileRef = 0D75111B264A37C6004F8AFB /* ImageDetailTests.swift */; };
		0D751124264A3968004F8AFB /* ExtensionsTests.swift in Sources */ = {isa = PBXBuildFile; fileRef = 0D751123264A3968004F8AFB /* ExtensionsTests.swift */; };
		0DA174E7264727BC00B9AB84 /* ApiService.swift in Sources */ = {isa = PBXBuildFile; fileRef = 0DA174E6264727BC00B9AB84 /* ApiService.swift */; };
		0DA174EF2647338F00B9AB84 /* ImageDetail.swift in Sources */ = {isa = PBXBuildFile; fileRef = 0DA174EE2647338F00B9AB84 /* ImageDetail.swift */; };
		0DA174F42647345400B9AB84 /* MatchError.swift in Sources */ = {isa = PBXBuildFile; fileRef = 0DA174F32647345400B9AB84 /* MatchError.swift */; };
		0DA174F92648404300B9AB84 /* ImageCollectionCell.swift in Sources */ = {isa = PBXBuildFile; fileRef = 0DA174F82648404300B9AB84 /* ImageCollectionCell.swift */; };
		0DA174FE2648410700B9AB84 /* AccessibilityIdentifiers.swift in Sources */ = {isa = PBXBuildFile; fileRef = 0DA174FD2648410700B9AB84 /* AccessibilityIdentifiers.swift */; };
		0DA174FF2648410700B9AB84 /* AccessibilityIdentifiers.swift in Sources */ = {isa = PBXBuildFile; fileRef = 0DA174FD2648410700B9AB84 /* AccessibilityIdentifiers.swift */; };
		0DA175042648575000B9AB84 /* Image+Extensions.swift in Sources */ = {isa = PBXBuildFile; fileRef = 0DA175032648575000B9AB84 /* Image+Extensions.swift */; };
		0DA1750B26486BBC00B9AB84 /* MainViewModelType.swift in Sources */ = {isa = PBXBuildFile; fileRef = 0DA1750A26486BBC00B9AB84 /* MainViewModelType.swift */; };
		0DA1751026486BEF00B9AB84 /* MainCollectionViewModelDelegate.swift in Sources */ = {isa = PBXBuildFile; fileRef = 0DA1750F26486BEF00B9AB84 /* MainCollectionViewModelDelegate.swift */; };
		0DA1751526486C1700B9AB84 /* ImageCellViewModelType.swift in Sources */ = {isa = PBXBuildFile; fileRef = 0DA1751426486C1700B9AB84 /* ImageCellViewModelType.swift */; };
		0DA1751A26486C6600B9AB84 /* MainControllerViewModel.swift in Sources */ = {isa = PBXBuildFile; fileRef = 0DA1751926486C6600B9AB84 /* MainControllerViewModel.swift */; };
		0DA1751F26486D1D00B9AB84 /* ImageCellViewModel.swift in Sources */ = {isa = PBXBuildFile; fileRef = 0DA1751E26486D1D00B9AB84 /* ImageCellViewModel.swift */; };
		0DA175272648766B00B9AB84 /* UIViewController+Extensions.swift in Sources */ = {isa = PBXBuildFile; fileRef = 0DA175262648766B00B9AB84 /* UIViewController+Extensions.swift */; };
		0DA1752C2648803400B9AB84 /* CacheService.swift in Sources */ = {isa = PBXBuildFile; fileRef = 0DA1752B2648803400B9AB84 /* CacheService.swift */; };
		0DA17531264893B200B9AB84 /* UIImageView+Extension.swift in Sources */ = {isa = PBXBuildFile; fileRef = 0DA17530264893B200B9AB84 /* UIImageView+Extension.swift */; };
		0DA1754D2649E3B100B9AB84 /* String+Extension.swift in Sources */ = {isa = PBXBuildFile; fileRef = 0DA1754C2649E3B100B9AB84 /* String+Extension.swift */; };
/* End PBXBuildFile section */

/* Begin PBXContainerItemProxy section */
		0D460F57264724380099490F /* PBXContainerItemProxy */ = {
			isa = PBXContainerItemProxy;
			containerPortal = 0D460F38264724360099490F /* Project object */;
			proxyType = 1;
			remoteGlobalIDString = 0D460F3F264724360099490F;
			remoteInfo = MatchiOSCode;
		};
		0D460F62264724380099490F /* PBXContainerItemProxy */ = {
			isa = PBXContainerItemProxy;
			containerPortal = 0D460F38264724360099490F /* Project object */;
			proxyType = 1;
			remoteGlobalIDString = 0D460F3F264724360099490F;
			remoteInfo = MatchiOSCode;
		};
/* End PBXContainerItemProxy section */

/* Begin PBXFileReference section */
		0D460F40264724360099490F /* MatchiOSCode.app */ = {isa = PBXFileReference; explicitFileType = wrapper.application; includeInIndex = 0; path = MatchiOSCode.app; sourceTree = BUILT_PRODUCTS_DIR; };
		0D460F43264724360099490F /* AppDelegate.swift */ = {isa = PBXFileReference; lastKnownFileType = sourcecode.swift; path = AppDelegate.swift; sourceTree = "<group>"; };
		0D460F45264724360099490F /* SceneDelegate.swift */ = {isa = PBXFileReference; lastKnownFileType = sourcecode.swift; path = SceneDelegate.swift; sourceTree = "<group>"; };
		0D460F47264724360099490F /* MainViewController.swift */ = {isa = PBXFileReference; lastKnownFileType = sourcecode.swift; path = MainViewController.swift; sourceTree = "<group>"; };
		0D460F4C264724370099490F /* Assets.xcassets */ = {isa = PBXFileReference; lastKnownFileType = folder.assetcatalog; path = Assets.xcassets; sourceTree = "<group>"; };
		0D460F4F264724370099490F /* Base */ = {isa = PBXFileReference; lastKnownFileType = file.storyboard; name = Base; path = Base.lproj/LaunchScreen.storyboard; sourceTree = "<group>"; };
		0D460F51264724370099490F /* Info.plist */ = {isa = PBXFileReference; lastKnownFileType = text.plist.xml; path = Info.plist; sourceTree = "<group>"; };
		0D460F56264724380099490F /* MatchiOSCodeTests.xctest */ = {isa = PBXFileReference; explicitFileType = wrapper.cfbundle; includeInIndex = 0; path = MatchiOSCodeTests.xctest; sourceTree = BUILT_PRODUCTS_DIR; };
		0D460F5A264724380099490F /* MatchiOSCodeTests.swift */ = {isa = PBXFileReference; lastKnownFileType = sourcecode.swift; path = MatchiOSCodeTests.swift; sourceTree = "<group>"; };
		0D460F5C264724380099490F /* Info.plist */ = {isa = PBXFileReference; lastKnownFileType = text.plist.xml; path = Info.plist; sourceTree = "<group>"; };
		0D460F61264724380099490F /* MatchiOSCodeUITests.xctest */ = {isa = PBXFileReference; explicitFileType = wrapper.cfbundle; includeInIndex = 0; path = MatchiOSCodeUITests.xctest; sourceTree = BUILT_PRODUCTS_DIR; };
		0D460F65264724380099490F /* MatchiOSCodeUITests.swift */ = {isa = PBXFileReference; lastKnownFileType = sourcecode.swift; path = MatchiOSCodeUITests.swift; sourceTree = "<group>"; };
		0D460F67264724380099490F /* Info.plist */ = {isa = PBXFileReference; lastKnownFileType = text.plist.xml; path = Info.plist; sourceTree = "<group>"; };
		0D751106264A30BE004F8AFB /* ImagesMainPage.swift */ = {isa = PBXFileReference; lastKnownFileType = sourcecode.swift; path = ImagesMainPage.swift; sourceTree = "<group>"; };
		0D75110F264A371C004F8AFB /* UnitTestHelpers.swift */ = {isa = PBXFileReference; lastKnownFileType = sourcecode.swift; path = UnitTestHelpers.swift; sourceTree = "<group>"; };
		0D75111B264A37C6004F8AFB /* ImageDetailTests.swift */ = {isa = PBXFileReference; lastKnownFileType = sourcecode.swift; path = ImageDetailTests.swift; sourceTree = "<group>"; };
		0D751123264A3968004F8AFB /* ExtensionsTests.swift */ = {isa = PBXFileReference; lastKnownFileType = sourcecode.swift; path = ExtensionsTests.swift; sourceTree = "<group>"; };
		0DA174E6264727BC00B9AB84 /* ApiService.swift */ = {isa = PBXFileReference; lastKnownFileType = sourcecode.swift; path = ApiService.swift; sourceTree = "<group>"; };
		0DA174EE2647338F00B9AB84 /* ImageDetail.swift */ = {isa = PBXFileReference; lastKnownFileType = sourcecode.swift; path = ImageDetail.swift; sourceTree = "<group>"; };
		0DA174F32647345400B9AB84 /* MatchError.swift */ = {isa = PBXFileReference; lastKnownFileType = sourcecode.swift; path = MatchError.swift; sourceTree = "<group>"; };
		0DA174F82648404300B9AB84 /* ImageCollectionCell.swift */ = {isa = PBXFileReference; lastKnownFileType = sourcecode.swift; path = ImageCollectionCell.swift; sourceTree = "<group>"; };
		0DA174FD2648410700B9AB84 /* AccessibilityIdentifiers.swift */ = {isa = PBXFileReference; lastKnownFileType = sourcecode.swift; path = AccessibilityIdentifiers.swift; sourceTree = "<group>"; };
		0DA175032648575000B9AB84 /* Image+Extensions.swift */ = {isa = PBXFileReference; lastKnownFileType = sourcecode.swift; path = "Image+Extensions.swift"; sourceTree = "<group>"; };
		0DA1750A26486BBC00B9AB84 /* MainViewModelType.swift */ = {isa = PBXFileReference; lastKnownFileType = sourcecode.swift; path = MainViewModelType.swift; sourceTree = "<group>"; };
		0DA1750F26486BEF00B9AB84 /* MainCollectionViewModelDelegate.swift */ = {isa = PBXFileReference; lastKnownFileType = sourcecode.swift; path = MainCollectionViewModelDelegate.swift; sourceTree = "<group>"; };
		0DA1751426486C1700B9AB84 /* ImageCellViewModelType.swift */ = {isa = PBXFileReference; lastKnownFileType = sourcecode.swift; path = ImageCellViewModelType.swift; sourceTree = "<group>"; };
		0DA1751926486C6600B9AB84 /* MainControllerViewModel.swift */ = {isa = PBXFileReference; lastKnownFileType = sourcecode.swift; path = MainControllerViewModel.swift; sourceTree = "<group>"; };
		0DA1751E26486D1D00B9AB84 /* ImageCellViewModel.swift */ = {isa = PBXFileReference; lastKnownFileType = sourcecode.swift; path = ImageCellViewModel.swift; sourceTree = "<group>"; };
		0DA175262648766B00B9AB84 /* UIViewController+Extensions.swift */ = {isa = PBXFileReference; lastKnownFileType = sourcecode.swift; path = "UIViewController+Extensions.swift"; sourceTree = "<group>"; };
		0DA1752B2648803400B9AB84 /* CacheService.swift */ = {isa = PBXFileReference; lastKnownFileType = sourcecode.swift; path = CacheService.swift; sourceTree = "<group>"; };
		0DA17530264893B200B9AB84 /* UIImageView+Extension.swift */ = {isa = PBXFileReference; lastKnownFileType = sourcecode.swift; path = "UIImageView+Extension.swift"; sourceTree = "<group>"; };
		0DA1754C2649E3B100B9AB84 /* String+Extension.swift */ = {isa = PBXFileReference; lastKnownFileType = sourcecode.swift; path = "String+Extension.swift"; sourceTree = "<group>"; };
/* End PBXFileReference section */

/* Begin PBXFrameworksBuildPhase section */
		0D460F3D264724360099490F /* Frameworks */ = {
			isa = PBXFrameworksBuildPhase;
			buildActionMask = 2147483647;
			files = (
			);
			runOnlyForDeploymentPostprocessing = 0;
		};
		0D460F53264724380099490F /* Frameworks */ = {
			isa = PBXFrameworksBuildPhase;
			buildActionMask = 2147483647;
			files = (
			);
			runOnlyForDeploymentPostprocessing = 0;
		};
		0D460F5E264724380099490F /* Frameworks */ = {
			isa = PBXFrameworksBuildPhase;
			buildActionMask = 2147483647;
			files = (
			);
			runOnlyForDeploymentPostprocessing = 0;
		};
/* End PBXFrameworksBuildPhase section */

/* Begin PBXGroup section */
		0D460F37264724360099490F = {
			isa = PBXGroup;
			children = (
				0D460F42264724360099490F /* MatchiOSCode */,
				0D460F59264724380099490F /* MatchiOSCodeTests */,
				0D460F64264724380099490F /* MatchiOSCodeUITests */,
				0D460F41264724360099490F /* Products */,
			);
			sourceTree = "<group>";
		};
		0D460F41264724360099490F /* Products */ = {
			isa = PBXGroup;
			children = (
				0D460F40264724360099490F /* MatchiOSCode.app */,
				0D460F56264724380099490F /* MatchiOSCodeTests.xctest */,
				0D460F61264724380099490F /* MatchiOSCodeUITests.xctest */,
			);
			name = Products;
			sourceTree = "<group>";
		};
		0D460F42264724360099490F /* MatchiOSCode */ = {
			isa = PBXGroup;
			children = (
				0D460F76264724540099490F /* Networking */,
				0D460F77264724660099490F /* Utilities */,
				0D460F7B264724890099490F /* View */,
				0D460F7A264724830099490F /* ViewModel */,
				0D460F792647247B0099490F /* Model */,
				0D460F78264724700099490F /* Extensions */,
				0D460F43264724360099490F /* AppDelegate.swift */,
				0D460F45264724360099490F /* SceneDelegate.swift */,
				0D460F4C264724370099490F /* Assets.xcassets */,
				0D460F4E264724370099490F /* LaunchScreen.storyboard */,
				0D460F51264724370099490F /* Info.plist */,
			);
			path = MatchiOSCode;
			sourceTree = "<group>";
		};
		0D460F59264724380099490F /* MatchiOSCodeTests */ = {
			isa = PBXGroup;
			children = (
				0D751118264A3786004F8AFB /* Tests */,
				0D75110E264A3705004F8AFB /* Helper */,
				0D460F5A264724380099490F /* MatchiOSCodeTests.swift */,
				0D460F5C264724380099490F /* Info.plist */,
			);
			path = MatchiOSCodeTests;
			sourceTree = "<group>";
		};
		0D460F64264724380099490F /* MatchiOSCodeUITests */ = {
			isa = PBXGroup;
			children = (
				0D751105264A308E004F8AFB /* POM */,
				0D460F65264724380099490F /* MatchiOSCodeUITests.swift */,
				0D460F67264724380099490F /* Info.plist */,
			);
			path = MatchiOSCodeUITests;
			sourceTree = "<group>";
		};
		0D460F76264724540099490F /* Networking */ = {
			isa = PBXGroup;
			children = (
				0DA174E6264727BC00B9AB84 /* ApiService.swift */,
				0DA1752B2648803400B9AB84 /* CacheService.swift */,
			);
			path = Networking;
			sourceTree = "<group>";
		};
		0D460F77264724660099490F /* Utilities */ = {
			isa = PBXGroup;
			children = (
				0DA174F32647345400B9AB84 /* MatchError.swift */,
				0DA174FD2648410700B9AB84 /* AccessibilityIdentifiers.swift */,
			);
			path = Utilities;
			sourceTree = "<group>";
		};
		0D460F78264724700099490F /* Extensions */ = {
			isa = PBXGroup;
			children = (
				0DA175032648575000B9AB84 /* Image+Extensions.swift */,
				0DA175262648766B00B9AB84 /* UIViewController+Extensions.swift */,
				0DA17530264893B200B9AB84 /* UIImageView+Extension.swift */,
				0DA1754C2649E3B100B9AB84 /* String+Extension.swift */,
			);
			path = Extensions;
			sourceTree = "<group>";
		};
		0D460F792647247B0099490F /* Model */ = {
			isa = PBXGroup;
			children = (
				0DA174EE2647338F00B9AB84 /* ImageDetail.swift */,
			);
			path = Model;
			sourceTree = "<group>";
		};
		0D460F7A264724830099490F /* ViewModel */ = {
			isa = PBXGroup;
			children = (
				0DA1750926486B6C00B9AB84 /* Delegates */,
				0DA1750826486B5E00B9AB84 /* Protocols */,
				0DA1751926486C6600B9AB84 /* MainControllerViewModel.swift */,
				0DA1751E26486D1D00B9AB84 /* ImageCellViewModel.swift */,
			);
			path = ViewModel;
			sourceTree = "<group>";
		};
		0D460F7B264724890099490F /* View */ = {
			isa = PBXGroup;
			children = (
				0D460F82264725A60099490F /* Main */,
			);
			path = View;
			sourceTree = "<group>";
		};
		0D460F82264725A60099490F /* Main */ = {
			isa = PBXGroup;
			children = (
				0D460F47264724360099490F /* MainViewController.swift */,
				0DA174F82648404300B9AB84 /* ImageCollectionCell.swift */,
			);
			path = Main;
			sourceTree = "<group>";
		};
		0D751105264A308E004F8AFB /* POM */ = {
			isa = PBXGroup;
			children = (
				0D751106264A30BE004F8AFB /* ImagesMainPage.swift */,
			);
			path = POM;
			sourceTree = "<group>";
		};
		0D75110E264A3705004F8AFB /* Helper */ = {
			isa = PBXGroup;
			children = (
				0D75110F264A371C004F8AFB /* UnitTestHelpers.swift */,
			);
			path = Helper;
			sourceTree = "<group>";
		};
		0D751118264A3786004F8AFB /* Tests */ = {
			isa = PBXGroup;
			children = (
				0D75111A264A3795004F8AFB /* Extensions */,
				0D751119264A3790004F8AFB /* Model */,
			);
			path = Tests;
			sourceTree = "<group>";
		};
		0D751119264A3790004F8AFB /* Model */ = {
			isa = PBXGroup;
			children = (
				0D75111B264A37C6004F8AFB /* ImageDetailTests.swift */,
			);
			path = Model;
			sourceTree = "<group>";
		};
		0D75111A264A3795004F8AFB /* Extensions */ = {
			isa = PBXGroup;
			children = (
				0D751123264A3968004F8AFB /* ExtensionsTests.swift */,
			);
			path = Extensions;
			sourceTree = "<group>";
		};
		0DA1750826486B5E00B9AB84 /* Protocols */ = {
			isa = PBXGroup;
			children = (
				0DA1750A26486BBC00B9AB84 /* MainViewModelType.swift */,
				0DA1751426486C1700B9AB84 /* ImageCellViewModelType.swift */,
			);
			path = Protocols;
			sourceTree = "<group>";
		};
		0DA1750926486B6C00B9AB84 /* Delegates */ = {
			isa = PBXGroup;
			children = (
				0DA1750F26486BEF00B9AB84 /* MainCollectionViewModelDelegate.swift */,
			);
			path = Delegates;
			sourceTree = "<group>";
		};
/* End PBXGroup section */

/* Begin PBXNativeTarget section */
		0D460F3F264724360099490F /* MatchiOSCode */ = {
			isa = PBXNativeTarget;
			buildConfigurationList = 0D460F6A264724380099490F /* Build configuration list for PBXNativeTarget "MatchiOSCode" */;
			buildPhases = (
				0D460F3C264724360099490F /* Sources */,
				0D460F3D264724360099490F /* Frameworks */,
				0D460F3E264724360099490F /* Resources */,
			);
			buildRules = (
			);
			dependencies = (
			);
			name = MatchiOSCode;
			productName = MatchiOSCode;
			productReference = 0D460F40264724360099490F /* MatchiOSCode.app */;
			productType = "com.apple.product-type.application";
		};
		0D460F55264724380099490F /* MatchiOSCodeTests */ = {
			isa = PBXNativeTarget;
			buildConfigurationList = 0D460F6D264724380099490F /* Build configuration list for PBXNativeTarget "MatchiOSCodeTests" */;
			buildPhases = (
				0D460F52264724380099490F /* Sources */,
				0D460F53264724380099490F /* Frameworks */,
				0D460F54264724380099490F /* Resources */,
			);
			buildRules = (
			);
			dependencies = (
				0D460F58264724380099490F /* PBXTargetDependency */,
			);
			name = MatchiOSCodeTests;
			productName = MatchiOSCodeTests;
			productReference = 0D460F56264724380099490F /* MatchiOSCodeTests.xctest */;
			productType = "com.apple.product-type.bundle.unit-test";
		};
		0D460F60264724380099490F /* MatchiOSCodeUITests */ = {
			isa = PBXNativeTarget;
			buildConfigurationList = 0D460F70264724380099490F /* Build configuration list for PBXNativeTarget "MatchiOSCodeUITests" */;
			buildPhases = (
				0D460F5D264724380099490F /* Sources */,
				0D460F5E264724380099490F /* Frameworks */,
				0D460F5F264724380099490F /* Resources */,
			);
			buildRules = (
			);
			dependencies = (
				0D460F63264724380099490F /* PBXTargetDependency */,
			);
			name = MatchiOSCodeUITests;
			productName = MatchiOSCodeUITests;
			productReference = 0D460F61264724380099490F /* MatchiOSCodeUITests.xctest */;
			productType = "com.apple.product-type.bundle.ui-testing";
		};
/* End PBXNativeTarget section */

/* Begin PBXProject section */
		0D460F38264724360099490F /* Project object */ = {
			isa = PBXProject;
			attributes = {
				LastSwiftUpdateCheck = 1240;
				LastUpgradeCheck = 1240;
				TargetAttributes = {
					0D460F3F264724360099490F = {
						CreatedOnToolsVersion = 12.4;
					};
					0D460F55264724380099490F = {
						CreatedOnToolsVersion = 12.4;
						TestTargetID = 0D460F3F264724360099490F;
					};
					0D460F60264724380099490F = {
						CreatedOnToolsVersion = 12.4;
						TestTargetID = 0D460F3F264724360099490F;
					};
				};
			};
			buildConfigurationList = 0D460F3B264724360099490F /* Build configuration list for PBXProject "MatchiOSCode" */;
			compatibilityVersion = "Xcode 9.3";
			developmentRegion = en;
			hasScannedForEncodings = 0;
			knownRegions = (
				en,
				Base,
			);
			mainGroup = 0D460F37264724360099490F;
			productRefGroup = 0D460F41264724360099490F /* Products */;
			projectDirPath = "";
			projectRoot = "";
			targets = (
				0D460F3F264724360099490F /* MatchiOSCode */,
				0D460F55264724380099490F /* MatchiOSCodeTests */,
				0D460F60264724380099490F /* MatchiOSCodeUITests */,
			);
		};
/* End PBXProject section */

/* Begin PBXResourcesBuildPhase section */
		0D460F3E264724360099490F /* Resources */ = {
			isa = PBXResourcesBuildPhase;
			buildActionMask = 2147483647;
			files = (
				0D460F50264724370099490F /* LaunchScreen.storyboard in Resources */,
				0D460F4D264724370099490F /* Assets.xcassets in Resources */,
			);
			runOnlyForDeploymentPostprocessing = 0;
		};
		0D460F54264724380099490F /* Resources */ = {
			isa = PBXResourcesBuildPhase;
			buildActionMask = 2147483647;
			files = (
			);
			runOnlyForDeploymentPostprocessing = 0;
		};
		0D460F5F264724380099490F /* Resources */ = {
			isa = PBXResourcesBuildPhase;
			buildActionMask = 2147483647;
			files = (
			);
			runOnlyForDeploymentPostprocessing = 0;
		};
/* End PBXResourcesBuildPhase section */

/* Begin PBXSourcesBuildPhase section */
		0D460F3C264724360099490F /* Sources */ = {
			isa = PBXSourcesBuildPhase;
			buildActionMask = 2147483647;
			files = (
				0DA1751526486C1700B9AB84 /* ImageCellViewModelType.swift in Sources */,
				0DA1751A26486C6600B9AB84 /* MainControllerViewModel.swift in Sources */,
				0DA1752C2648803400B9AB84 /* CacheService.swift in Sources */,
				0DA1754D2649E3B100B9AB84 /* String+Extension.swift in Sources */,
				0DA175042648575000B9AB84 /* Image+Extensions.swift in Sources */,
				0DA174F92648404300B9AB84 /* ImageCollectionCell.swift in Sources */,
				0D460F48264724360099490F /* MainViewController.swift in Sources */,
				0DA1751026486BEF00B9AB84 /* MainCollectionViewModelDelegate.swift in Sources */,
				0D460F44264724360099490F /* AppDelegate.swift in Sources */,
				0DA175272648766B00B9AB84 /* UIViewController+Extensions.swift in Sources */,
				0DA174F42647345400B9AB84 /* MatchError.swift in Sources */,
				0DA174E7264727BC00B9AB84 /* ApiService.swift in Sources */,
				0D460F46264724360099490F /* SceneDelegate.swift in Sources */,
				0DA1751F26486D1D00B9AB84 /* ImageCellViewModel.swift in Sources */,
				0DA1750B26486BBC00B9AB84 /* MainViewModelType.swift in Sources */,
				0DA174EF2647338F00B9AB84 /* ImageDetail.swift in Sources */,
				0DA17531264893B200B9AB84 /* UIImageView+Extension.swift in Sources */,
				0DA174FE2648410700B9AB84 /* AccessibilityIdentifiers.swift in Sources */,
			);
			runOnlyForDeploymentPostprocessing = 0;
		};
		0D460F52264724380099490F /* Sources */ = {
			isa = PBXSourcesBuildPhase;
			buildActionMask = 2147483647;
			files = (
				0D75111C264A37C6004F8AFB /* ImageDetailTests.swift in Sources */,
				0D460F5B264724380099490F /* MatchiOSCodeTests.swift in Sources */,
				0D751110264A371C004F8AFB /* UnitTestHelpers.swift in Sources */,
				0D751124264A3968004F8AFB /* ExtensionsTests.swift in Sources */,
			);
			runOnlyForDeploymentPostprocessing = 0;
		};
		0D460F5D264724380099490F /* Sources */ = {
			isa = PBXSourcesBuildPhase;
			buildActionMask = 2147483647;
			files = (
				0D460F66264724380099490F /* MatchiOSCodeUITests.swift in Sources */,
				0D751107264A30BE004F8AFB /* ImagesMainPage.swift in Sources */,
				0DA174FF2648410700B9AB84 /* AccessibilityIdentifiers.swift in Sources */,
			);
			runOnlyForDeploymentPostprocessing = 0;
		};
/* End PBXSourcesBuildPhase section */

/* Begin PBXTargetDependency section */
		0D460F58264724380099490F /* PBXTargetDependency */ = {
			isa = PBXTargetDependency;
			target = 0D460F3F264724360099490F /* MatchiOSCode */;
			targetProxy = 0D460F57264724380099490F /* PBXContainerItemProxy */;
		};
		0D460F63264724380099490F /* PBXTargetDependency */ = {
			isa = PBXTargetDependency;
			target = 0D460F3F264724360099490F /* MatchiOSCode */;
			targetProxy = 0D460F62264724380099490F /* PBXContainerItemProxy */;
		};
/* End PBXTargetDependency section */

/* Begin PBXVariantGroup section */
		0D460F4E264724370099490F /* LaunchScreen.storyboard */ = {
			isa = PBXVariantGroup;
			children = (
				0D460F4F264724370099490F /* Base */,
			);
			name = LaunchScreen.storyboard;
			sourceTree = "<group>";
		};
/* End PBXVariantGroup section */

/* Begin XCBuildConfiguration section */
		0D460F68264724380099490F /* Debug */ = {
			isa = XCBuildConfiguration;
			buildSettings = {
				ALWAYS_SEARCH_USER_PATHS = NO;
				CLANG_ANALYZER_NONNULL = YES;
				CLANG_ANALYZER_NUMBER_OBJECT_CONVERSION = YES_AGGRESSIVE;
				CLANG_CXX_LANGUAGE_STANDARD = "gnu++14";
				CLANG_CXX_LIBRARY = "libc++";
				CLANG_ENABLE_MODULES = YES;
				CLANG_ENABLE_OBJC_ARC = YES;
				CLANG_ENABLE_OBJC_WEAK = YES;
				CLANG_WARN_BLOCK_CAPTURE_AUTORELEASING = YES;
				CLANG_WARN_BOOL_CONVERSION = YES;
				CLANG_WARN_COMMA = YES;
				CLANG_WARN_CONSTANT_CONVERSION = YES;
				CLANG_WARN_DEPRECATED_OBJC_IMPLEMENTATIONS = YES;
				CLANG_WARN_DIRECT_OBJC_ISA_USAGE = YES_ERROR;
				CLANG_WARN_DOCUMENTATION_COMMENTS = YES;
				CLANG_WARN_EMPTY_BODY = YES;
				CLANG_WARN_ENUM_CONVERSION = YES;
				CLANG_WARN_INFINITE_RECURSION = YES;
				CLANG_WARN_INT_CONVERSION = YES;
				CLANG_WARN_NON_LITERAL_NULL_CONVERSION = YES;
				CLANG_WARN_OBJC_IMPLICIT_RETAIN_SELF = YES;
				CLANG_WARN_OBJC_LITERAL_CONVERSION = YES;
				CLANG_WARN_OBJC_ROOT_CLASS = YES_ERROR;
				CLANG_WARN_QUOTED_INCLUDE_IN_FRAMEWORK_HEADER = YES;
				CLANG_WARN_RANGE_LOOP_ANALYSIS = YES;
				CLANG_WARN_STRICT_PROTOTYPES = YES;
				CLANG_WARN_SUSPICIOUS_MOVE = YES;
				CLANG_WARN_UNGUARDED_AVAILABILITY = YES_AGGRESSIVE;
				CLANG_WARN_UNREACHABLE_CODE = YES;
				CLANG_WARN__DUPLICATE_METHOD_MATCH = YES;
				COPY_PHASE_STRIP = NO;
				DEBUG_INFORMATION_FORMAT = dwarf;
				ENABLE_STRICT_OBJC_MSGSEND = YES;
				ENABLE_TESTABILITY = YES;
				GCC_C_LANGUAGE_STANDARD = gnu11;
				GCC_DYNAMIC_NO_PIC = NO;
				GCC_NO_COMMON_BLOCKS = YES;
				GCC_OPTIMIZATION_LEVEL = 0;
				GCC_PREPROCESSOR_DEFINITIONS = (
					"DEBUG=1",
					"$(inherited)",
				);
				GCC_WARN_64_TO_32_BIT_CONVERSION = YES;
				GCC_WARN_ABOUT_RETURN_TYPE = YES_ERROR;
				GCC_WARN_UNDECLARED_SELECTOR = YES;
				GCC_WARN_UNINITIALIZED_AUTOS = YES_AGGRESSIVE;
				GCC_WARN_UNUSED_FUNCTION = YES;
				GCC_WARN_UNUSED_VARIABLE = YES;
				IPHONEOS_DEPLOYMENT_TARGET = 14.4;
				MTL_ENABLE_DEBUG_INFO = INCLUDE_SOURCE;
				MTL_FAST_MATH = YES;
				ONLY_ACTIVE_ARCH = YES;
				SDKROOT = iphoneos;
				SWIFT_ACTIVE_COMPILATION_CONDITIONS = DEBUG;
				SWIFT_OPTIMIZATION_LEVEL = "-Onone";
			};
			name = Debug;
		};
		0D460F69264724380099490F /* Release */ = {
			isa = XCBuildConfiguration;
			buildSettings = {
				ALWAYS_SEARCH_USER_PATHS = NO;
				CLANG_ANALYZER_NONNULL = YES;
				CLANG_ANALYZER_NUMBER_OBJECT_CONVERSION = YES_AGGRESSIVE;
				CLANG_CXX_LANGUAGE_STANDARD = "gnu++14";
				CLANG_CXX_LIBRARY = "libc++";
				CLANG_ENABLE_MODULES = YES;
				CLANG_ENABLE_OBJC_ARC = YES;
				CLANG_ENABLE_OBJC_WEAK = YES;
				CLANG_WARN_BLOCK_CAPTURE_AUTORELEASING = YES;
				CLANG_WARN_BOOL_CONVERSION = YES;
				CLANG_WARN_COMMA = YES;
				CLANG_WARN_CONSTANT_CONVERSION = YES;
				CLANG_WARN_DEPRECATED_OBJC_IMPLEMENTATIONS = YES;
				CLANG_WARN_DIRECT_OBJC_ISA_USAGE = YES_ERROR;
				CLANG_WARN_DOCUMENTATION_COMMENTS = YES;
				CLANG_WARN_EMPTY_BODY = YES;
				CLANG_WARN_ENUM_CONVERSION = YES;
				CLANG_WARN_INFINITE_RECURSION = YES;
				CLANG_WARN_INT_CONVERSION = YES;
				CLANG_WARN_NON_LITERAL_NULL_CONVERSION = YES;
				CLANG_WARN_OBJC_IMPLICIT_RETAIN_SELF = YES;
				CLANG_WARN_OBJC_LITERAL_CONVERSION = YES;
				CLANG_WARN_OBJC_ROOT_CLASS = YES_ERROR;
				CLANG_WARN_QUOTED_INCLUDE_IN_FRAMEWORK_HEADER = YES;
				CLANG_WARN_RANGE_LOOP_ANALYSIS = YES;
				CLANG_WARN_STRICT_PROTOTYPES = YES;
				CLANG_WARN_SUSPICIOUS_MOVE = YES;
				CLANG_WARN_UNGUARDED_AVAILABILITY = YES_AGGRESSIVE;
				CLANG_WARN_UNREACHABLE_CODE = YES;
				CLANG_WARN__DUPLICATE_METHOD_MATCH = YES;
				COPY_PHASE_STRIP = NO;
				DEBUG_INFORMATION_FORMAT = "dwarf-with-dsym";
				ENABLE_NS_ASSERTIONS = NO;
				ENABLE_STRICT_OBJC_MSGSEND = YES;
				GCC_C_LANGUAGE_STANDARD = gnu11;
				GCC_NO_COMMON_BLOCKS = YES;
				GCC_WARN_64_TO_32_BIT_CONVERSION = YES;
				GCC_WARN_ABOUT_RETURN_TYPE = YES_ERROR;
				GCC_WARN_UNDECLARED_SELECTOR = YES;
				GCC_WARN_UNINITIALIZED_AUTOS = YES_AGGRESSIVE;
				GCC_WARN_UNUSED_FUNCTION = YES;
				GCC_WARN_UNUSED_VARIABLE = YES;
				IPHONEOS_DEPLOYMENT_TARGET = 14.4;
				MTL_ENABLE_DEBUG_INFO = NO;
				MTL_FAST_MATH = YES;
				SDKROOT = iphoneos;
				SWIFT_COMPILATION_MODE = wholemodule;
				SWIFT_OPTIMIZATION_LEVEL = "-O";
				VALIDATE_PRODUCT = YES;
			};
			name = Release;
		};
		0D460F6B264724380099490F /* Debug */ = {
			isa = XCBuildConfiguration;
			buildSettings = {
				ASSETCATALOG_COMPILER_APPICON_NAME = AppIcon;
				ASSETCATALOG_COMPILER_GLOBAL_ACCENT_COLOR_NAME = AccentColor;
				CODE_SIGN_STYLE = Automatic;
				INFOPLIST_FILE = MatchiOSCode/Info.plist;
				LD_RUNPATH_SEARCH_PATHS = (
					"$(inherited)",
					"@executable_path/Frameworks",
				);
				PRODUCT_BUNDLE_IDENTIFIER = "match-chalange.MatchiOSCode";
				PRODUCT_NAME = "$(TARGET_NAME)";
				SWIFT_VERSION = 5.0;
				TARGETED_DEVICE_FAMILY = "1,2";
			};
			name = Debug;
		};
		0D460F6C264724380099490F /* Release */ = {
			isa = XCBuildConfiguration;
			buildSettings = {
				ASSETCATALOG_COMPILER_APPICON_NAME = AppIcon;
				ASSETCATALOG_COMPILER_GLOBAL_ACCENT_COLOR_NAME = AccentColor;
				CODE_SIGN_STYLE = Automatic;
				INFOPLIST_FILE = MatchiOSCode/Info.plist;
				LD_RUNPATH_SEARCH_PATHS = (
					"$(inherited)",
					"@executable_path/Frameworks",
				);
				PRODUCT_BUNDLE_IDENTIFIER = "match-chalange.MatchiOSCode";
				PRODUCT_NAME = "$(TARGET_NAME)";
				SWIFT_VERSION = 5.0;
				TARGETED_DEVICE_FAMILY = "1,2";
			};
			name = Release;
		};
		0D460F6E264724380099490F /* Debug */ = {
			isa = XCBuildConfiguration;
			buildSettings = {
				ALWAYS_EMBED_SWIFT_STANDARD_LIBRARIES = YES;
				BUNDLE_LOADER = "$(TEST_HOST)";
				CODE_SIGN_STYLE = Automatic;
				INFOPLIST_FILE = MatchiOSCodeTests/Info.plist;
				IPHONEOS_DEPLOYMENT_TARGET = 14.4;
				LD_RUNPATH_SEARCH_PATHS = (
					"$(inherited)",
					"@executable_path/Frameworks",
					"@loader_path/Frameworks",
				);
				PRODUCT_BUNDLE_IDENTIFIER = "match-chalange.MatchiOSCodeTests";
				PRODUCT_NAME = "$(TARGET_NAME)";
				SWIFT_VERSION = 5.0;
				TARGETED_DEVICE_FAMILY = "1,2";
				TEST_HOST = "$(BUILT_PRODUCTS_DIR)/MatchiOSCode.app/MatchiOSCode";
			};
			name = Debug;
		};
		0D460F6F264724380099490F /* Release */ = {
			isa = XCBuildConfiguration;
			buildSettings = {
				ALWAYS_EMBED_SWIFT_STANDARD_LIBRARIES = YES;
				BUNDLE_LOADER = "$(TEST_HOST)";
				CODE_SIGN_STYLE = Automatic;
				INFOPLIST_FILE = MatchiOSCodeTests/Info.plist;
				IPHONEOS_DEPLOYMENT_TARGET = 14.4;
				LD_RUNPATH_SEARCH_PATHS = (
					"$(inherited)",
					"@executable_path/Frameworks",
					"@loader_path/Frameworks",
				);
				PRODUCT_BUNDLE_IDENTIFIER = "match-chalange.MatchiOSCodeTests";
				PRODUCT_NAME = "$(TARGET_NAME)";
				SWIFT_VERSION = 5.0;
				TARGETED_DEVICE_FAMILY = "1,2";
				TEST_HOST = "$(BUILT_PRODUCTS_DIR)/MatchiOSCode.app/MatchiOSCode";
			};
			name = Release;
		};
		0D460F71264724380099490F /* Debug */ = {
			isa = XCBuildConfiguration;
			buildSettings = {
				ALWAYS_EMBED_SWIFT_STANDARD_LIBRARIES = YES;
				CODE_SIGN_STYLE = Automatic;
				INFOPLIST_FILE = MatchiOSCodeUITests/Info.plist;
				LD_RUNPATH_SEARCH_PATHS = (
					"$(inherited)",
					"@executable_path/Frameworks",
					"@loader_path/Frameworks",
				);
				PRODUCT_BUNDLE_IDENTIFIER = "match-chalange.MatchiOSCodeUITests";
				PRODUCT_NAME = "$(TARGET_NAME)";
				SWIFT_VERSION = 5.0;
				TARGETED_DEVICE_FAMILY = "1,2";
				TEST_TARGET_NAME = MatchiOSCode;
			};
			name = Debug;
		};
		0D460F72264724380099490F /* Release */ = {
			isa = XCBuildConfiguration;
			buildSettings = {
				ALWAYS_EMBED_SWIFT_STANDARD_LIBRARIES = YES;
				CODE_SIGN_STYLE = Automatic;
				INFOPLIST_FILE = MatchiOSCodeUITests/Info.plist;
				LD_RUNPATH_SEARCH_PATHS = (
					"$(inherited)",
					"@executable_path/Frameworks",
					"@loader_path/Frameworks",
				);
				PRODUCT_BUNDLE_IDENTIFIER = "match-chalange.MatchiOSCodeUITests";
				PRODUCT_NAME = "$(TARGET_NAME)";
				SWIFT_VERSION = 5.0;
				TARGETED_DEVICE_FAMILY = "1,2";
				TEST_TARGET_NAME = MatchiOSCode;
			};
			name = Release;
		};
/* End XCBuildConfiguration section */

/* Begin XCConfigurationList section */
		0D460F3B264724360099490F /* Build configuration list for PBXProject "MatchiOSCode" */ = {
			isa = XCConfigurationList;
			buildConfigurations = (
				0D460F68264724380099490F /* Debug */,
				0D460F69264724380099490F /* Release */,
			);
			defaultConfigurationIsVisible = 0;
			defaultConfigurationName = Release;
		};
		0D460F6A264724380099490F /* Build configuration list for PBXNativeTarget "MatchiOSCode" */ = {
			isa = XCConfigurationList;
			buildConfigurations = (
				0D460F6B264724380099490F /* Debug */,
				0D460F6C264724380099490F /* Release */,
			);
			defaultConfigurationIsVisible = 0;
			defaultConfigurationName = Release;
		};
		0D460F6D264724380099490F /* Build configuration list for PBXNativeTarget "MatchiOSCodeTests" */ = {
			isa = XCConfigurationList;
			buildConfigurations = (
				0D460F6E264724380099490F /* Debug */,
				0D460F6F264724380099490F /* Release */,
			);
			defaultConfigurationIsVisible = 0;
			defaultConfigurationName = Release;
		};
		0D460F70264724380099490F /* Build configuration list for PBXNativeTarget "MatchiOSCodeUITests" */ = {
			isa = XCConfigurationList;
			buildConfigurations = (
				0D460F71264724380099490F /* Debug */,
				0D460F72264724380099490F /* Release */,
			);
			defaultConfigurationIsVisible = 0;
			defaultConfigurationName = Release;
		};
/* End XCConfigurationList section */
	};
	rootObject = 0D460F38264724360099490F /* Project object */;
}
